
Microsoft Visual Studio Solution File, Format Version 12.00
# Visual Studio Version 17
VisualStudioVersion = 17.9.34728.123
MinimumVisualStudioVersion = 10.0.40219.1
Project("{FAE04EC0-301F-11D3-BF4B-00C04F79EFBC}") = "Array_InterfaceTest", "ICalc\Array_InterfaceTest.csproj", "{639AC14F-FDBC-4D57-AB94-2BC283CB3BB8}"
EndProject
Global
	GlobalSection(SolutionConfigurationPlatforms) = preSolution
		Debug|Any CPU = Debug|Any CPU
		Release|Any CPU = Release|Any CPU
	EndGlobalSection
	GlobalSection(ProjectConfigurationPlatforms) = postSolution
		{639AC14F-FDBC-4D57-AB94-2BC283CB3BB8}.Debug|Any CPU.ActiveCfg = Debug|Any CPU
		{639AC14F-FDBC-4D57-AB94-2BC283CB3BB8}.Debug|Any CPU.Build.0 = Debug|Any CPU
		{639AC14F-FDBC-4D57-AB94-2BC283CB3BB8}.Release|Any CPU.ActiveCfg = Release|Any CPU
		{639AC14F-FDBC-4D57-AB94-2BC283CB3BB8}.Release|Any CPU.Build.0 = Release|Any CPU
	EndGlobalSection
	GlobalSection(SolutionProperties) = preSolution
		HideSolutionNode = FALSE
	EndGlobalSection
	GlobalSection(ExtensibilityGlobals) = postSolution
		SolutionGuid = {61A8E650-5716-41AD-810E-737739E4C421}
	EndGlobalSection
EndGlobal
